
Microsoft Visual Studio Solution File, Format Version 12.00
# Visual Studio Version 17
VisualStudioVersion = 17.1.32228.430
MinimumVisualStudioVersion = 10.0.40219.1
Project("{9A19103F-16F7-4668-BE54-9A1E7A4F7556}") = "ServerCommon", "ServerCommon\ServerCommon.csproj", "{15F46C16-2DD1-4A7A-AB3C-0C87CA35D41C}"
EndProject
Project("{2150E333-8FDC-42A3-9474-1A3956D46DE8}") = "1Business", "1Business", "{EF79E64C-79C0-4E79-8179-93FF6CCF3380}"
EndProject
Project("{2150E333-8FDC-42A3-9474-1A3956D46DE8}") = "3Server_Base", "3Server_Base", "{CBDC6125-56AA-4434-86F7-70A59F9AE97F}"
EndProject
Project("{9A19103F-16F7-4668-BE54-9A1E7A4F7556}") = "Protocol", "..\share\ShareProtocols\Protocol.csproj", "{EAA4DC74-9F44-4883-9D6C-E93718DC192E}"
EndProject
Project("{9A19103F-16F7-4668-BE54-9A1E7A4F7556}") = "GameServerBase", "AllGameServer\GameServerBase.csproj", "{3685FD6A-FA8A-435C-8A77-FC283ECA18ED}"
EndProject
Project("{9A19103F-16F7-4668-BE54-9A1E7A4F7556}") = "GateServer", "GateServer\GateServer.csproj", "{744ADD14-38C4-4C81-8C15-809080BACEBE}"
EndProject
Project("{9A19103F-16F7-4668-BE54-9A1E7A4F7556}") = "LogicServer", "LogicServer\LogicServer.csproj", "{7F52655E-2020-4D3B-8A84-C04542D2ABE0}"
EndProject
Project("{9A19103F-16F7-4668-BE54-9A1E7A4F7556}") = "WorldServer", "WorldServer\WorldServer.csproj", "{1D35FDBB-31C9-47D5-8A98-9C87ABD0E375}"
EndProject
Project("{9A19103F-16F7-4668-BE54-9A1E7A4F7556}") = "CommonRpc", "..\share\CommonRpc\CommonRpc.csproj", "{7DA5329A-73E3-4F3B-ACAF-421FC11BFEC2}"
EndProject
Project("{2150E333-8FDC-42A3-9474-1A3956D46DE8}") = "2Rpc", "2Rpc", "{AD7CAC54-103A-4A8D-BF3F-3277B4C4EB8A}"
EndProject
Project("{2150E333-8FDC-42A3-9474-1A3956D46DE8}") = "0Shell", "0Shell", "{05C55963-F50B-41D2-BE3E-BD69E4783A68}"
EndProject
Project("{2150E333-8FDC-42A3-9474-1A3956D46DE8}") = "4NetowrkEngine", "4NetowrkEngine", "{EB1295AE-C899-4BC9-8BE4-39D8E193AF1A}"
EndProject
Project("{2150E333-8FDC-42A3-9474-1A3956D46DE8}") = "5Test", "5Test", "{866A825E-09E0-42AC-A3DF-D4724A48FDE6}"
EndProject
Project("{9A19103F-16F7-4668-BE54-9A1E7A4F7556}") = "SuperSocketSlim", "..\share\SuperSocketSlim\SuperSocketSlim.csproj", "{FA5E78CA-7F81-4F2D-B81A-BA9DC62A5E2B}"
EndProject
Project("{9A19103F-16F7-4668-BE54-9A1E7A4F7556}") = "ServerBase", "ServerBase\ServerBase.csproj", "{00765720-5AB9-47F8-B9D8-9B41C4D1D5C4}"
EndProject
Project("{9A19103F-16F7-4668-BE54-9A1E7A4F7556}") = "SqlDataCommon", "SqlDataCommon\SqlDataCommon.csproj", "{4975DA92-B929-4A6E-A689-8B21B93F5CF6}"
EndProject
Global
	GlobalSection(SolutionConfigurationPlatforms) = preSolution
		Debug|Any CPU = Debug|Any CPU
		Release|Any CPU = Release|Any CPU
	EndGlobalSection
	GlobalSection(ProjectConfigurationPlatforms) = postSolution
		{15F46C16-2DD1-4A7A-AB3C-0C87CA35D41C}.Debug|Any CPU.ActiveCfg = Debug|Any CPU
		{15F46C16-2DD1-4A7A-AB3C-0C87CA35D41C}.Debug|Any CPU.Build.0 = Debug|Any CPU
		{15F46C16-2DD1-4A7A-AB3C-0C87CA35D41C}.Release|Any CPU.ActiveCfg = Release|Any CPU
		{15F46C16-2DD1-4A7A-AB3C-0C87CA35D41C}.Release|Any CPU.Build.0 = Release|Any CPU
		{EAA4DC74-9F44-4883-9D6C-E93718DC192E}.Debug|Any CPU.ActiveCfg = Debug|Any CPU
		{EAA4DC74-9F44-4883-9D6C-E93718DC192E}.Debug|Any CPU.Build.0 = Debug|Any CPU
		{EAA4DC74-9F44-4883-9D6C-E93718DC192E}.Release|Any CPU.ActiveCfg = Release|Any CPU
		{EAA4DC74-9F44-4883-9D6C-E93718DC192E}.Release|Any CPU.Build.0 = Release|Any CPU
		{3685FD6A-FA8A-435C-8A77-FC283ECA18ED}.Debug|Any CPU.ActiveCfg = Debug|Any CPU
		{3685FD6A-FA8A-435C-8A77-FC283ECA18ED}.Debug|Any CPU.Build.0 = Debug|Any CPU
		{3685FD6A-FA8A-435C-8A77-FC283ECA18ED}.Release|Any CPU.ActiveCfg = Release|Any CPU
		{3685FD6A-FA8A-435C-8A77-FC283ECA18ED}.Release|Any CPU.Build.0 = Release|Any CPU
		{744ADD14-38C4-4C81-8C15-809080BACEBE}.Debug|Any CPU.ActiveCfg = Debug|Any CPU
		{744ADD14-38C4-4C81-8C15-809080BACEBE}.Debug|Any CPU.Build.0 = Debug|Any CPU
		{744ADD14-38C4-4C81-8C15-809080BACEBE}.Release|Any CPU.ActiveCfg = Release|Any CPU
		{744ADD14-38C4-4C81-8C15-809080BACEBE}.Release|Any CPU.Build.0 = Release|Any CPU
		{7F52655E-2020-4D3B-8A84-C04542D2ABE0}.Debug|Any CPU.ActiveCfg = Debug|Any CPU
		{7F52655E-2020-4D3B-8A84-C04542D2ABE0}.Debug|Any CPU.Build.0 = Debug|Any CPU
		{7F52655E-2020-4D3B-8A84-C04542D2ABE0}.Release|Any CPU.ActiveCfg = Release|Any CPU
		{7F52655E-2020-4D3B-8A84-C04542D2ABE0}.Release|Any CPU.Build.0 = Release|Any CPU
		{1D35FDBB-31C9-47D5-8A98-9C87ABD0E375}.Debug|Any CPU.ActiveCfg = Debug|Any CPU
		{1D35FDBB-31C9-47D5-8A98-9C87ABD0E375}.Debug|Any CPU.Build.0 = Debug|Any CPU
		{1D35FDBB-31C9-47D5-8A98-9C87ABD0E375}.Release|Any CPU.ActiveCfg = Release|Any CPU
		{1D35FDBB-31C9-47D5-8A98-9C87ABD0E375}.Release|Any CPU.Build.0 = Release|Any CPU
		{7DA5329A-73E3-4F3B-ACAF-421FC11BFEC2}.Debug|Any CPU.ActiveCfg = Debug|Any CPU
		{7DA5329A-73E3-4F3B-ACAF-421FC11BFEC2}.Debug|Any CPU.Build.0 = Debug|Any CPU
		{7DA5329A-73E3-4F3B-ACAF-421FC11BFEC2}.Release|Any CPU.ActiveCfg = Release|Any CPU
		{7DA5329A-73E3-4F3B-ACAF-421FC11BFEC2}.Release|Any CPU.Build.0 = Release|Any CPU
		{FA5E78CA-7F81-4F2D-B81A-BA9DC62A5E2B}.Debug|Any CPU.ActiveCfg = Debug|Any CPU
		{FA5E78CA-7F81-4F2D-B81A-BA9DC62A5E2B}.Debug|Any CPU.Build.0 = Debug|Any CPU
		{FA5E78CA-7F81-4F2D-B81A-BA9DC62A5E2B}.Release|Any CPU.ActiveCfg = Release|Any CPU
		{FA5E78CA-7F81-4F2D-B81A-BA9DC62A5E2B}.Release|Any CPU.Build.0 = Release|Any CPU
		{00765720-5AB9-47F8-B9D8-9B41C4D1D5C4}.Debug|Any CPU.ActiveCfg = Debug|Any CPU
		{00765720-5AB9-47F8-B9D8-9B41C4D1D5C4}.Debug|Any CPU.Build.0 = Debug|Any CPU
		{00765720-5AB9-47F8-B9D8-9B41C4D1D5C4}.Release|Any CPU.ActiveCfg = Release|Any CPU
		{00765720-5AB9-47F8-B9D8-9B41C4D1D5C4}.Release|Any CPU.Build.0 = Release|Any CPU
		{4975DA92-B929-4A6E-A689-8B21B93F5CF6}.Debug|Any CPU.ActiveCfg = Debug|Any CPU
		{4975DA92-B929-4A6E-A689-8B21B93F5CF6}.Debug|Any CPU.Build.0 = Debug|Any CPU
		{4975DA92-B929-4A6E-A689-8B21B93F5CF6}.Release|Any CPU.ActiveCfg = Release|Any CPU
		{4975DA92-B929-4A6E-A689-8B21B93F5CF6}.Release|Any CPU.Build.0 = Release|Any CPU
	EndGlobalSection
	GlobalSection(SolutionProperties) = preSolution
		HideSolutionNode = FALSE
	EndGlobalSection
	GlobalSection(NestedProjects) = preSolution
		{15F46C16-2DD1-4A7A-AB3C-0C87CA35D41C} = {CBDC6125-56AA-4434-86F7-70A59F9AE97F}
		{EAA4DC74-9F44-4883-9D6C-E93718DC192E} = {AD7CAC54-103A-4A8D-BF3F-3277B4C4EB8A}
		{3685FD6A-FA8A-435C-8A77-FC283ECA18ED} = {EF79E64C-79C0-4E79-8179-93FF6CCF3380}
		{744ADD14-38C4-4C81-8C15-809080BACEBE} = {05C55963-F50B-41D2-BE3E-BD69E4783A68}
		{7F52655E-2020-4D3B-8A84-C04542D2ABE0} = {05C55963-F50B-41D2-BE3E-BD69E4783A68}
		{1D35FDBB-31C9-47D5-8A98-9C87ABD0E375} = {05C55963-F50B-41D2-BE3E-BD69E4783A68}
		{7DA5329A-73E3-4F3B-ACAF-421FC11BFEC2} = {AD7CAC54-103A-4A8D-BF3F-3277B4C4EB8A}
		{FA5E78CA-7F81-4F2D-B81A-BA9DC62A5E2B} = {EB1295AE-C899-4BC9-8BE4-39D8E193AF1A}
		{00765720-5AB9-47F8-B9D8-9B41C4D1D5C4} = {CBDC6125-56AA-4434-86F7-70A59F9AE97F}
		{4975DA92-B929-4A6E-A689-8B21B93F5CF6} = {CBDC6125-56AA-4434-86F7-70A59F9AE97F}
	EndGlobalSection
	GlobalSection(ExtensibilityGlobals) = postSolution
		SolutionGuid = {D713873F-5A3F-4957-BE7A-678BA02977E1}
	EndGlobalSection
EndGlobal
