
Microsoft Visual Studio Solution File, Format Version 12.00
# Visual Studio Version 17
VisualStudioVersion = 17.1.32210.238
MinimumVisualStudioVersion = 10.0.40219.1
Project("{9A19103F-16F7-4668-BE54-9A1E7A4F7556}") = "ShareProto_Server", "ShareProto_Server.csproj", "{8F5838A7-7B1B-4BFA-AE3D-2BC5DA93BC32}"
EndProject
Global
	GlobalSection(SolutionConfigurationPlatforms) = preSolution
		Debug|Any CPU = Debug|Any CPU
		Release|Any CPU = Release|Any CPU
	EndGlobalSection
	GlobalSection(ProjectConfigurationPlatforms) = postSolution
		{8F5838A7-7B1B-4BFA-AE3D-2BC5DA93BC32}.Debug|Any CPU.ActiveCfg = Debug|Any CPU
		{8F5838A7-7B1B-4BFA-AE3D-2BC5DA93BC32}.Debug|Any CPU.Build.0 = Debug|Any CPU
		{8F5838A7-7B1B-4BFA-AE3D-2BC5DA93BC32}.Release|Any CPU.ActiveCfg = Release|Any CPU
		{8F5838A7-7B1B-4BFA-AE3D-2BC5DA93BC32}.Release|Any CPU.Build.0 = Release|Any CPU
	EndGlobalSection
	GlobalSection(SolutionProperties) = preSolution
		HideSolutionNode = FALSE
	EndGlobalSection
	GlobalSection(ExtensibilityGlobals) = postSolution
		SolutionGuid = {D6C10659-7FBD-432B-ADD6-587381303C11}
	EndGlobalSection
EndGlobal
